PODS:
  - AparajitaCapacitorDarkMode (6.0.0):
    - Capacitor
  - Capacitor (8.0.2):
    - CapacitorCordova
  - CapacitorApp (8.0.0):
    - Capacitor
  - CapacitorAppLauncher (8.0.0):
    - Capacitor
  - CapacitorBarcodeScanner (3.0.2):
    - Capacitor
    - OSBarcodeLib (= 2.0.1)
  - CapacitorCamera (8.0.0):
    - Capacitor
  - CapacitorClipboard (8.0.0):
    - Capacitor
  - CapacitorCommunityKeepAwake (8.0.0):
    - Capacitor
  - CapacitorCordova (8.0.2)
  - CapacitorDevice (8.0.0):
    - Capacitor
  - CapacitorFilesystem (8.0.0):
    - Capacitor
    - IONFilesystemLib (~> 1.0.1)
  - CapacitorGeolocation (8.0.0):
    - Capacitor
    - IONGeolocationLib (= 2.0.0)
  - CapacitorHaptics (8.0.0):
    - Capacitor
  - CapacitorKeyboard (8.0.0):
    - Capacitor
  - CapacitorShare (8.0.0):
    - Capacitor
  - CapacitorSplashScreen (8.0.0):
    - Capacitor
  - CapacitorStatusBar (8.0.0):
    - Capacitor
  - CapawesomeCapacitorFilePicker (8.0.1):
    - Capacitor
  - CapgoCameraPreview (8.0.14):
    - Capacitor
  - CordovaPlugins (8.0.2):
    - CapacitorCordova
  - IONFilesystemLib (1.0.1)
  - IONGeolocationLib (2.0.0)
  - OSBarcodeLib (2.0.1)

DEPENDENCIES:
  - "AparajitaCapacitorDarkMode (from `../../node_modules/@aparajita/capacitor-dark-mode`)"
  - "Capacitor (from `../../node_modules/@capacitor/ios`)"
  - "CapacitorApp (from `../../node_modules/@capacitor/app`)"
  - "CapacitorAppLauncher (from `../../node_modules/@capacitor/app-launcher`)"
  - "CapacitorBarcodeScanner (from `../../node_modules/@capacitor/barcode-scanner`)"
  - "CapacitorCamera (from `../../node_modules/@capacitor/camera`)"
  - "CapacitorClipboard (from `../../node_modules/@capacitor/clipboard`)"
  - "CapacitorCommunityKeepAwake (from `../../node_modules/@capacitor-community/keep-awake`)"
  - "CapacitorCordova (from `../../node_modules/@capacitor/ios`)"
  - "CapacitorDevice (from `../../node_modules/@capacitor/device`)"
  - "CapacitorFilesystem (from `../../node_modules/@capacitor/filesystem`)"
  - "CapacitorGeolocation (from `../../node_modules/@capacitor/geolocation`)"
  - "CapacitorHaptics (from `../../node_modules/@capacitor/haptics`)"
  - "CapacitorKeyboard (from `../../node_modules/@capacitor/keyboard`)"
  - "CapacitorShare (from `../../node_modules/@capacitor/share`)"
  - "CapacitorSplashScreen (from `../../node_modules/@capacitor/splash-screen`)"
  - "CapacitorStatusBar (from `../../node_modules/@capacitor/status-bar`)"
  - "CapawesomeCapacitorFilePicker (from `../../node_modules/@capawesome/capacitor-file-picker`)"
  - "CapgoCameraPreview (from `../../node_modules/@capgo/camera-preview`)"
  - CordovaPlugins (from `../capacitor-cordova-ios-plugins`)

SPEC REPOS:
  trunk:
    - IONFilesystemLib
    - IONGeolocationLib
    - OSBarcodeLib

EXTERNAL SOURCES:
  AparajitaCapacitorDarkMode:
    :path: "../../node_modules/@aparajita/capacitor-dark-mode"
  Capacitor:
    :path: "../../node_modules/@capacitor/ios"
  CapacitorApp:
    :path: "../../node_modules/@capacitor/app"
  CapacitorAppLauncher:
    :path: "../../node_modules/@capacitor/app-launcher"
  CapacitorBarcodeScanner:
    :path: "../../node_modules/@capacitor/barcode-scanner"
  CapacitorCamera:
    :path: "../../node_modules/@capacitor/camera"
  CapacitorClipboard:
    :path: "../../node_modules/@capacitor/clipboard"
  CapacitorCommunityKeepAwake:
    :path: "../../node_modules/@capacitor-community/keep-awake"
  CapacitorCordova:
    :path: "../../node_modules/@capacitor/ios"
  CapacitorDevice:
    :path: "../../node_modules/@capacitor/device"
  CapacitorFilesystem:
    :path: "../../node_modules/@capacitor/filesystem"
  CapacitorGeolocation:
    :path: "../../node_modules/@capacitor/geolocation"
  CapacitorHaptics:
    :path: "../../node_modules/@capacitor/haptics"
  CapacitorKeyboard:
    :path: "../../node_modules/@capacitor/keyboard"
  CapacitorShare:
    :path: "../../node_modules/@capacitor/share"
  CapacitorSplashScreen:
    :path: "../../node_modules/@capacitor/splash-screen"
  CapacitorStatusBar:
    :path: "../../node_modules/@capacitor/status-bar"
  CapawesomeCapacitorFilePicker:
    :path: "../../node_modules/@capawesome/capacitor-file-picker"
  CapgoCameraPreview:
    :path: "../../node_modules/@capgo/camera-preview"
  CordovaPlugins:
    :path: "../capacitor-cordova-ios-plugins"

SPEC CHECKSUMS:
  AparajitaCapacitorDarkMode: d5f43e08965abdddef0d03deebf11ab3e8bfe75b
  Capacitor: 2b79172ad27f3be2d103cce88b8eb9803fdcc744
  CapacitorApp: 3963a84197280757b84f126afd1520a85ae3b092
  CapacitorAppLauncher: 7f2330aa2d8a72a4767ab05af9df4bf68166ebf0
  CapacitorBarcodeScanner: 421aa419ac63eeb18c7cb94ce280fa22d34e8b0b
  CapacitorCamera: 592acb7ab9fb748e2d8571eb03af30ec4e1ace12
  CapacitorClipboard: 61832a3722adc61afed6e0191c8a0e11ba11674d
  CapacitorCommunityKeepAwake: 332bf035bbdf0b1c244fd492b35a8a06c8802111
  CapacitorCordova: 921bdb690ebe82421b24fce45552fd3dea2ae43a
  CapacitorDevice: 9a16fb36a19ff391bf75afbe3cf16f883b3b3aa0
  CapacitorFilesystem: 2cb7c29536024668f333266a2177f8c10bbd9c98
  CapacitorGeolocation: 8a405e707de9aff6ac9eca7f408966a370f7ca33
  CapacitorHaptics: 2079d9fa04c5a71e18663b4722323c304c58245c
  CapacitorKeyboard: d7868c079a4d5277a3deca27a10a488fcbbb8b69
  CapacitorShare: 12f1d192170cbcf9f108fd675ac8e343761a4638
  CapacitorSplashScreen: 422880d7117605c30699eb4b21644b62db42e86c
  CapacitorStatusBar: 312e2e67928dfe9514c4a8916a1fd610552f5f35
  CapawesomeCapacitorFilePicker: cbd96b593d2bfdceb353ed161f9462ce4a9d67a9
  CapgoCameraPreview: f171281fbe832ab1a57d6cbef584677fdd27dfff
  CordovaPlugins: 002b79521e875ec5bdd022e34eaa754941f19e22
  IONFilesystemLib: 89258b8e3e85465da93127d25d7ce37f977e8a6f
  IONGeolocationLib: a5e40b54edc2ee9902036eda5aaa41ddf07bb68d
  OSBarcodeLib: 57987d2eb1f916f701f4554e20e349b3cb83f023

PODFILE CHECKSUM: a2de8b44acbc16bbe33592cc7d1d7a8fe166d210

COCOAPODS: 1.16.2
